
Microsoft Visual Studio Solution File, Format Version 12.00
# Visual Studio Version 16
VisualStudioVersion = 16.0.36324.18
MinimumVisualStudioVersion = 10.0.40219.1
Project("{FAE04EC0-301F-11D3-BF4B-00C04F79EFBC}") = "ColeccionMusica.ui", "ColeccionMusica\ColeccionMusica.ui.csproj", "{8DB1BC78-5083-4BBA-8D4A-E86DC4DA2A32}"
EndProject
Project("{FAE04EC0-301F-11D3-BF4B-00C04F79EFBC}") = "ColeccionMusica.Models", "ColeccionMusica.Models\ColeccionMusica.Models.csproj", "{4D6E07C9-4D35-48F3-AFE5-09914F817BDD}"
EndProject
Project("{FAE04EC0-301F-11D3-BF4B-00C04F79EFBC}") = "ColeccionMusica.Service", "ColeccionMusica.Service\ColeccionMusica.Service.csproj", "{4CDA6947-FED9-4ABA-B9A8-AA05BAE91A53}"
EndProject
Global
	GlobalSection(SolutionConfigurationPlatforms) = preSolution
		Debug|Any CPU = Debug|Any CPU
		Release|Any CPU = Release|Any CPU
	EndGlobalSection
	GlobalSection(ProjectConfigurationPlatforms) = postSolution
		{8DB1BC78-5083-4BBA-8D4A-E86DC4DA2A32}.Debug|Any CPU.ActiveCfg = Debug|Any CPU
		{8DB1BC78-5083-4BBA-8D4A-E86DC4DA2A32}.Debug|Any CPU.Build.0 = Debug|Any CPU
		{8DB1BC78-5083-4BBA-8D4A-E86DC4DA2A32}.Release|Any CPU.ActiveCfg = Release|Any CPU
		{8DB1BC78-5083-4BBA-8D4A-E86DC4DA2A32}.Release|Any CPU.Build.0 = Release|Any CPU
		{4D6E07C9-4D35-48F3-AFE5-09914F817BDD}.Debug|Any CPU.ActiveCfg = Debug|Any CPU
		{4D6E07C9-4D35-48F3-AFE5-09914F817BDD}.Debug|Any CPU.Build.0 = Debug|Any CPU
		{4D6E07C9-4D35-48F3-AFE5-09914F817BDD}.Release|Any CPU.ActiveCfg = Release|Any CPU
		{4D6E07C9-4D35-48F3-AFE5-09914F817BDD}.Release|Any CPU.Build.0 = Release|Any CPU
		{4CDA6947-FED9-4ABA-B9A8-AA05BAE91A53}.Debug|Any CPU.ActiveCfg = Debug|Any CPU
		{4CDA6947-FED9-4ABA-B9A8-AA05BAE91A53}.Debug|Any CPU.Build.0 = Debug|Any CPU
		{4CDA6947-FED9-4ABA-B9A8-AA05BAE91A53}.Release|Any CPU.ActiveCfg = Release|Any CPU
		{4CDA6947-FED9-4ABA-B9A8-AA05BAE91A53}.Release|Any CPU.Build.0 = Release|Any CPU
	EndGlobalSection
	GlobalSection(SolutionProperties) = preSolution
		HideSolutionNode = FALSE
	EndGlobalSection
	GlobalSection(ExtensibilityGlobals) = postSolution
		SolutionGuid = {7BF9B640-FDAC-40AF-9E73-09CC72A46EF5}
	EndGlobalSection
EndGlobal
